<?xml version="1.0" encoding="UTF-8"?>
<Scheme
   version = "1.3">
   <BuildAction>
      <BuildActionEntries>
         <BuildActionEntry
            buildForRunning = "YES">
            <BuildableReference
               BuildableIdentifier = "primary"
               BlueprintIdentifier = "3D0FD1422704D38100ECED8A"
               BuildableName = "NihongoDaily.app"
               BlueprintName = "NihongoDaily"
               ReferencedContainer = "container:NihongoDaily.xcodeproj">
            </BuildableReference>
         </BuildActionEntry>
      </BuildActionEntries>
   </BuildAction>
   <LaunchAction
      useCustomWorkingDirectory = "NO"
      buildConfiguration = "Debug"
      allowLocationSimulation = "YES">
      <BuildableProductRunnable>
         <BuildableReference
            BuildableIdentifier = "primary"
            BlueprintIdentifier = "3D0FD1422704D38100ECED8A"
            BuildableName = "NihongoDaily.app"
            BlueprintName = "NihongoDaily"
            ReferencedContainer = "container:NihongoDaily.xcodeproj">
         </BuildableReference>
      </BuildableProductRunnable>
   </LaunchAction>
</Scheme>
