// !$*UTF8*$!
{
	archiveVersion = 1;
	classes = {
	};
	objectVersion = 52;
	objects = {

/* Begin PBXBuildFile section */
		3D0FD1472704D38100ECED8A /* NihongoDailyApp.swift in Sources */ = {isa = PBXBuildFile; fileRef = 3D0FD1462704D38100ECED8A /* NihongoDailyApp.swift */; };
		3D0FD1492704D38100ECED8A /* ContentView.swift in Sources */ = {isa = PBXBuildFile; fileRef = 3D0FD1482704D38100ECED8A /* ContentView.swift */; };
		3D0FD14B2704D38200ECED8A /* Assets.xcassets in Resources */ = {isa = PBXBuildFile; fileRef = 3D0FD14A2704D38200ECED8A /* Assets.xcassets */; };
		3D0FD14E2704D38200ECED8A /* Preview Assets.xcassets in Resources */ = {isa = PBXBuildFile; fileRef = 3D0FD14D2704D38200ECED8A /* Preview Assets.xcassets */; };
		3D0FD1502704D38200ECED8A /* Persistence.swift in Sources */ = {isa = PBXBuildFile; fileRef = 3D0FD14F2704D38200ECED8A /* Persistence.swift */; };
		3D0FD15E2704D38300ECED8A /* NihongoDailyTests.swift in Sources */ = {isa = PBXBuildFile; fileRef = 3D0FD15D2704D38300ECED8A /* NihongoDailyTests.swift */; };
		3D0FD1692704D38300ECED8A /* NihongoDailyUITests.swift in Sources */ = {isa = PBXBuildFile; fileRef = 3D0FD1682704D38300ECED8A /* NihongoDailyUITests.swift */; };
		3D0FD17A2704D45300ECED8A /* FlashCardView.swift in Sources */ = {isa = PBXBuildFile; fileRef = 3D0FD1792704D45300ECED8A /* FlashCardView.swift */; };
		3D15598F270A3FD2001632D8 /* NihongoDaily.xcdatamodeld in Sources */ = {isa = PBXBuildFile; fileRef = 3D15598D270A3FD2001632D8 /* NihongoDaily.xcdatamodeld */; };
		3D5326C82713505300090EB6 /* Cartfile in Resources */ = {isa = PBXBuildFile; fileRef = 3D5326C72713505300090EB6 /* Cartfile */; };
		3D5326CA2713521F00090EB6 /* SQLite.xcframework in Frameworks */ = {isa = PBXBuildFile; fileRef = 3D5326C92713521F00090EB6 /* SQLite.xcframework */; };
		3D5326CB2713521F00090EB6 /* SQLite.xcframework in Embed Frameworks */ = {isa = PBXBuildFile; fileRef = 3D5326C92713521F00090EB6 /* SQLite.xcframework */; settings = {ATTRIBUTES = (CodeSignOnCopy, RemoveHeadersOnCopy, ); }; };
		3D5326D127136D4C00090EB6 /* TableManager.swift in Sources */ = {isa = PBXBuildFile; fileRef = 3D5326D027136D4C00090EB6 /* TableManager.swift */; };
		3D5326D32715F9A900090EB6 /* EntryDetailView.swift in Sources */ = {isa = PBXBuildFile; fileRef = 3D5326D22715F9A800090EB6 /* EntryDetailView.swift */; };
		3D5326D52718D66100090EB6 /* ToolbarButtonView.swift in Sources */ = {isa = PBXBuildFile; fileRef = 3D5326D42718D66000090EB6 /* ToolbarButtonView.swift */; };
		3D58673F272C700300404E33 /* SettingsView.swift in Sources */ = {isa = PBXBuildFile; fileRef = 3D58673E272C700300404E33 /* SettingsView.swift */; };
		3D844830272F25D00057591A /* EntryViewModel.swift in Sources */ = {isa = PBXBuildFile; fileRef = 3D84482F272F25D00057591A /* EntryViewModel.swift */; };
		3D844835272F2FF10057591A /* ContentViewModel.swift in Sources */ = {isa = PBXBuildFile; fileRef = 3D844834272F2FF10057591A /* ContentViewModel.swift */; };
		3DB6C6252729BE51001E0DB5 /* AboutView.swift in Sources */ = {isa = PBXBuildFile; fileRef = 3DB6C6242729BE51001E0DB5 /* AboutView.swift */; };
		3DCB11FE2710DF150053DA4C /* Entry.swift in Sources */ = {isa = PBXBuildFile; fileRef = 3DCB11FD2710DF140053DA4C /* Entry.swift */; };
		3DCB12002710E0660053DA4C /* DbManager.swift in Sources */ = {isa = PBXBuildFile; fileRef = 3DCB11FF2710E0660053DA4C /* DbManager.swift */; };
		3DCB12042711F9240053DA4C /* EntryListItemView.swift in Sources */ = {isa = PBXBuildFile; fileRef = 3DCB12032711F9240053DA4C /* EntryListItemView.swift */; };
		3DCB12062711FC7C0053DA4C /* EntryListView.swift in Sources */ = {isa = PBXBuildFile; fileRef = 3DCB12052711FC7B0053DA4C /* EntryListView.swift */; };
		3DCB12252712419B0053DA4C /* JMdict_e.db in Resources */ = {isa = PBXBuildFile; fileRef = 3DCB12242712419B0053DA4C /* JMdict_e.db */; };
/* End PBXBuildFile section */

/* Begin PBXContainerItemProxy section */
		3D0FD15A2704D38300ECED8A /* PBXContainerItemProxy */ = {
			isa = PBXContainerItemProxy;
			containerPortal = 3D0FD13B2704D38100ECED8A /* Project object */;
			proxyType = 1;
			remoteGlobalIDString = 3D0FD1422704D38100ECED8A;
			remoteInfo = NihongoDaily;
		};
		3D0FD1652704D38300ECED8A /* PBXContainerItemProxy */ = {
			isa = PBXContainerItemProxy;
			containerPortal = 3D0FD13B2704D38100ECED8A /* Project object */;
			proxyType = 1;
			remoteGlobalIDString = 3D0FD1422704D38100ECED8A;
			remoteInfo = NihongoDaily;
		};
/* End PBXContainerItemProxy section */

/* Begin PBXCopyFilesBuildPhase section */
		3D5326CC2713521F00090EB6 /* Embed Frameworks */ = {
			isa = PBXCopyFilesBuildPhase;
			buildActionMask = 2147483647;
			dstPath = "";
			dstSubfolderSpec = 10;
			files = (
				3D5326CB2713521F00090EB6 /* SQLite.xcframework in Embed Frameworks */,
			);
			name = "Embed Frameworks";
			runOnlyForDeploymentPostprocessing = 0;
		};
/* End PBXCopyFilesBuildPhase section */

/* Begin PBXFileReference section */
		3D0FD1432704D38100ECED8A /* NihongoDaily.app */ = {isa = PBXFileReference; explicitFileType = wrapper.application; includeInIndex = 0; path = NihongoDaily.app; sourceTree = BUILT_PRODUCTS_DIR; };
		3D0FD1462704D38100ECED8A /* NihongoDailyApp.swift */ = {isa = PBXFileReference; lastKnownFileType = sourcecode.swift; path = NihongoDailyApp.swift; sourceTree = "<group>"; };
		3D0FD1482704D38100ECED8A /* ContentView.swift */ = {isa = PBXFileReference; lastKnownFileType = sourcecode.swift; path = ContentView.swift; sourceTree = "<group>"; };
		3D0FD14A2704D38200ECED8A /* Assets.xcassets */ = {isa = PBXFileReference; lastKnownFileType = folder.assetcatalog; path = Assets.xcassets; sourceTree = "<group>"; };
		3D0FD14D2704D38200ECED8A /* Preview Assets.xcassets */ = {isa = PBXFileReference; lastKnownFileType = folder.assetcatalog; path = "Preview Assets.xcassets"; sourceTree = "<group>"; };
		3D0FD14F2704D38200ECED8A /* Persistence.swift */ = {isa = PBXFileReference; lastKnownFileType = sourcecode.swift; path = Persistence.swift; sourceTree = "<group>"; };
		3D0FD1542704D38300ECED8A /* Info.plist */ = {isa = PBXFileReference; lastKnownFileType = text.plist.xml; path = Info.plist; sourceTree = "<group>"; };
		3D0FD1592704D38300ECED8A /* NihongoDailyTests.xctest */ = {isa = PBXFileReference; explicitFileType = wrapper.cfbundle; includeInIndex = 0; path = NihongoDailyTests.xctest; sourceTree = BUILT_PRODUCTS_DIR; };
		3D0FD15D2704D38300ECED8A /* NihongoDailyTests.swift */ = {isa = PBXFileReference; lastKnownFileType = sourcecode.swift; path = NihongoDailyTests.swift; sourceTree = "<group>"; };
		3D0FD15F2704D38300ECED8A /* Info.plist */ = {isa = PBXFileReference; lastKnownFileType = text.plist.xml; path = Info.plist; sourceTree = "<group>"; };
		3D0FD1642704D38300ECED8A /* NihongoDailyUITests.xctest */ = {isa = PBXFileReference; explicitFileType = wrapper.cfbundle; includeInIndex = 0; path = NihongoDailyUITests.xctest; sourceTree = BUILT_PRODUCTS_DIR; };
		3D0FD1682704D38300ECED8A /* NihongoDailyUITests.swift */ = {isa = PBXFileReference; lastKnownFileType = sourcecode.swift; path = NihongoDailyUITests.swift; sourceTree = "<group>"; };
		3D0FD16A2704D38300ECED8A /* Info.plist */ = {isa = PBXFileReference; lastKnownFileType = text.plist.xml; path = Info.plist; sourceTree = "<group>"; };
		3D0FD1792704D45300ECED8A /* FlashCardView.swift */ = {isa = PBXFileReference; lastKnownFileType = sourcecode.swift; path = FlashCardView.swift; sourceTree = "<group>"; };
		3D1559662709F7BC001632D8 /* .gitignore */ = {isa = PBXFileReference; lastKnownFileType = text; path = .gitignore; sourceTree = "<group>"; };
		3D15598E270A3FD2001632D8 /* NihongoDaily.xcdatamodel */ = {isa = PBXFileReference; lastKnownFileType = wrapper.xcdatamodel; path = NihongoDaily.xcdatamodel; sourceTree = "<group>"; };
		3D5326C72713505300090EB6 /* Cartfile */ = {isa = PBXFileReference; lastKnownFileType = text; path = Cartfile; sourceTree = "<group>"; };
		3D5326C92713521F00090EB6 /* SQLite.xcframework */ = {isa = PBXFileReference; lastKnownFileType = wrapper.xcframework; name = SQLite.xcframework; path = NihongoDaily/Carthage/Build/SQLite.xcframework; sourceTree = "<group>"; };
		3D5326D027136D4C00090EB6 /* TableManager.swift */ = {isa = PBXFileReference; lastKnownFileType = sourcecode.swift; path = TableManager.swift; sourceTree = "<group>"; };
		3D5326D22715F9A800090EB6 /* EntryDetailView.swift */ = {isa = PBXFileReference; lastKnownFileType = sourcecode.swift; path = EntryDetailView.swift; sourceTree = "<group>"; };
		3D5326D42718D66000090EB6 /* ToolbarButtonView.swift */ = {isa = PBXFileReference; lastKnownFileType = sourcecode.swift; path = ToolbarButtonView.swift; sourceTree = "<group>"; };
		3D58673E272C700300404E33 /* SettingsView.swift */ = {isa = PBXFileReference; lastKnownFileType = sourcecode.swift; path = SettingsView.swift; sourceTree = "<group>"; };
		3D84482F272F25D00057591A /* EntryViewModel.swift */ = {isa = PBXFileReference; lastKnownFileType = sourcecode.swift; path = EntryViewModel.swift; sourceTree = "<group>"; };
		3D844834272F2FF10057591A /* ContentViewModel.swift */ = {isa = PBXFileReference; lastKnownFileType = sourcecode.swift; path = ContentViewModel.swift; sourceTree = "<group>"; };
		3DB6C6242729BE51001E0DB5 /* AboutView.swift */ = {isa = PBXFileReference; lastKnownFileType = sourcecode.swift; path = AboutView.swift; sourceTree = "<group>"; };
		3DCB11FD2710DF140053DA4C /* Entry.swift */ = {isa = PBXFileReference; lastKnownFileType = sourcecode.swift; path = Entry.swift; sourceTree = "<group>"; };
		3DCB11FF2710E0660053DA4C /* DbManager.swift */ = {isa = PBXFileReference; lastKnownFileType = sourcecode.swift; path = DbManager.swift; sourceTree = "<group>"; };
		3DCB12032711F9240053DA4C /* EntryListItemView.swift */ = {isa = PBXFileReference; lastKnownFileType = sourcecode.swift; path = EntryListItemView.swift; sourceTree = "<group>"; };
		3DCB12052711FC7B0053DA4C /* EntryListView.swift */ = {isa = PBXFileReference; lastKnownFileType = sourcecode.swift; path = EntryListView.swift; sourceTree = "<group>"; };
		3DCB12242712419B0053DA4C /* JMdict_e.db */ = {isa = PBXFileReference; lastKnownFileType = file; name = JMdict_e.db; path = ../../../../GitHub/JMDict2SQL/JMdict_e.db; sourceTree = "<group>"; };
/* End PBXFileReference section */

/* Begin PBXFrameworksBuildPhase section */
		3D0FD1402704D38100ECED8A /* Frameworks */ = {
			isa = PBXFrameworksBuildPhase;
			buildActionMask = 2147483647;
			files = (
				3D5326CA2713521F00090EB6 /* SQLite.xcframework in Frameworks */,
			);
			runOnlyForDeploymentPostprocessing = 0;
		};
		3D0FD1562704D38300ECED8A /* Frameworks */ = {
			isa = PBXFrameworksBuildPhase;
			buildActionMask = 2147483647;
			files = (
			);
			runOnlyForDeploymentPostprocessing = 0;
		};
		3D0FD1612704D38300ECED8A /* Frameworks */ = {
			isa = PBXFrameworksBuildPhase;
			buildActionMask = 2147483647;
			files = (
			);
			runOnlyForDeploymentPostprocessing = 0;
		};
/* End PBXFrameworksBuildPhase section */

/* Begin PBXGroup section */
		3D0FD13A2704D38100ECED8A = {
			isa = PBXGroup;
			children = (
				3D1559662709F7BC001632D8 /* .gitignore */,
				3D0FD1452704D38100ECED8A /* NihongoDaily */,
				3D0FD15C2704D38300ECED8A /* NihongoDailyTests */,
				3D0FD1672704D38300ECED8A /* NihongoDailyUITests */,
				3D0FD1442704D38100ECED8A /* Products */,
				3DC810682708A47500BA4E6B /* Frameworks */,
			);
			sourceTree = "<group>";
		};
		3D0FD1442704D38100ECED8A /* Products */ = {
			isa = PBXGroup;
			children = (
				3D0FD1432704D38100ECED8A /* NihongoDaily.app */,
				3D0FD1592704D38300ECED8A /* NihongoDailyTests.xctest */,
				3D0FD1642704D38300ECED8A /* NihongoDailyUITests.xctest */,
			);
			name = Products;
			sourceTree = "<group>";
		};
		3D0FD1452704D38100ECED8A /* NihongoDaily */ = {
			isa = PBXGroup;
			children = (
				3DCB1223271241460053DA4C /* Data */,
				3D0FD17B2704D4AB00ECED8A /* Models */,
				3D844833272F2FA50057591A /* ViewModels */,
				3D0FD1762704D3D300ECED8A /* Views */,
				3D0FD1462704D38100ECED8A /* NihongoDailyApp.swift */,
				3D0FD1482704D38100ECED8A /* ContentView.swift */,
				3D0FD14A2704D38200ECED8A /* Assets.xcassets */,
				3D0FD14F2704D38200ECED8A /* Persistence.swift */,
				3D0FD1542704D38300ECED8A /* Info.plist */,
				3D0FD14C2704D38200ECED8A /* Preview Content */,
				3D5326C72713505300090EB6 /* Cartfile */,
			);
			path = NihongoDaily;
			sourceTree = "<group>";
		};
		3D0FD14C2704D38200ECED8A /* Preview Content */ = {
			isa = PBXGroup;
			children = (
				3D0FD14D2704D38200ECED8A /* Preview Assets.xcassets */,
			);
			path = "Preview Content";
			sourceTree = "<group>";
		};
		3D0FD15C2704D38300ECED8A /* NihongoDailyTests */ = {
			isa = PBXGroup;
			children = (
				3D0FD15D2704D38300ECED8A /* NihongoDailyTests.swift */,
				3D0FD15F2704D38300ECED8A /* Info.plist */,
			);
			path = NihongoDailyTests;
			sourceTree = "<group>";
		};
		3D0FD1672704D38300ECED8A /* NihongoDailyUITests */ = {
			isa = PBXGroup;
			children = (
				3D0FD1682704D38300ECED8A /* NihongoDailyUITests.swift */,
				3D0FD16A2704D38300ECED8A /* Info.plist */,
			);
			path = NihongoDailyUITests;
			sourceTree = "<group>";
		};
		3D0FD1762704D3D300ECED8A /* Views */ = {
			isa = PBXGroup;
			children = (
				3DB6C6232729BDE8001E0DB5 /* Pages */,
				3D0FD1792704D45300ECED8A /* FlashCardView.swift */,
				3DCB12032711F9240053DA4C /* EntryListItemView.swift */,
				3DCB12052711FC7B0053DA4C /* EntryListView.swift */,
				3D5326D22715F9A800090EB6 /* EntryDetailView.swift */,
				3D5326D42718D66000090EB6 /* ToolbarButtonView.swift */,
			);
			path = Views;
			sourceTree = "<group>";
		};
		3D0FD17B2704D4AB00ECED8A /* Models */ = {
			isa = PBXGroup;
			children = (
				3DCB11FD2710DF140053DA4C /* Entry.swift */,
			);
			path = Models;
			sourceTree = "<group>";
		};
		3D844833272F2FA50057591A /* ViewModels */ = {
			isa = PBXGroup;
			children = (
				3D84482F272F25D00057591A /* EntryViewModel.swift */,
				3D844834272F2FF10057591A /* ContentViewModel.swift */,
			);
			path = ViewModels;
			sourceTree = "<group>";
		};
		3DB6C6232729BDE8001E0DB5 /* Pages */ = {
			isa = PBXGroup;
			children = (
				3DB6C6242729BE51001E0DB5 /* AboutView.swift */,
				3D58673E272C700300404E33 /* SettingsView.swift */,
			);
			path = Pages;
			sourceTree = "<group>";
		};
		3DC810682708A47500BA4E6B /* Frameworks */ = {
			isa = PBXGroup;
			children = (
				3D5326C92713521F00090EB6 /* SQLite.xcframework */,
			);
			name = Frameworks;
			sourceTree = "<group>";
		};
		3DCB1223271241460053DA4C /* Data */ = {
			isa = PBXGroup;
			children = (
				3DCB12242712419B0053DA4C /* JMdict_e.db */,
				3D15598D270A3FD2001632D8 /* NihongoDaily.xcdatamodeld */,
				3DCB11FF2710E0660053DA4C /* DbManager.swift */,
				3D5326D027136D4C00090EB6 /* TableManager.swift */,
			);
			path = Data;
			sourceTree = "<group>";
		};
/* End PBXGroup section */

/* Begin PBXNativeTarget section */
		3D0FD1422704D38100ECED8A /* NihongoDaily */ = {
			isa = PBXNativeTarget;
			buildConfigurationList = 3D0FD16D2704D38300ECED8A /* Build configuration list for PBXNativeTarget "NihongoDaily" */;
			buildPhases = (
				3D0FD13F2704D38100ECED8A /* Sources */,
				3D0FD1402704D38100ECED8A /* Frameworks */,
				3D0FD1412704D38100ECED8A /* Resources */,
				3D5326CC2713521F00090EB6 /* Embed Frameworks */,
			);
			buildRules = (
			);
			dependencies = (
			);
			name = NihongoDaily;
			productName = NihongoDaily;
			productReference = 3D0FD1432704D38100ECED8A /* NihongoDaily.app */;
			productType = "com.apple.product-type.application";
		};
		3D0FD1582704D38300ECED8A /* NihongoDailyTests */ = {
			isa = PBXNativeTarget;
			buildConfigurationList = 3D0FD1702704D38300ECED8A /* Build configuration list for PBXNativeTarget "NihongoDailyTests" */;
			buildPhases = (
				3D0FD1552704D38300ECED8A /* Sources */,
				3D0FD1562704D38300ECED8A /* Frameworks */,
				3D0FD1572704D38300ECED8A /* Resources */,
			);
			buildRules = (
			);
			dependencies = (
				3D0FD15B2704D38300ECED8A /* PBXTargetDependency */,
			);
			name = NihongoDailyTests;
			productName = NihongoDailyTests;
			productReference = 3D0FD1592704D38300ECED8A /* NihongoDailyTests.xctest */;
			productType = "com.apple.product-type.bundle.unit-test";
		};
		3D0FD1632704D38300ECED8A /* NihongoDailyUITests */ = {
			isa = PBXNativeTarget;
			buildConfigurationList = 3D0FD1732704D38300ECED8A /* Build configuration list for PBXNativeTarget "NihongoDailyUITests" */;
			buildPhases = (
				3D0FD1602704D38300ECED8A /* Sources */,
				3D0FD1612704D38300ECED8A /* Frameworks */,
				3D0FD1622704D38300ECED8A /* Resources */,
			);
			buildRules = (
			);
			dependencies = (
				3D0FD1662704D38300ECED8A /* PBXTargetDependency */,
			);
			name = NihongoDailyUITests;
			productName = NihongoDailyUITests;
			productReference = 3D0FD1642704D38300ECED8A /* NihongoDailyUITests.xctest */;
			productType = "com.apple.product-type.bundle.ui-testing";
		};
/* End PBXNativeTarget section */

/* Begin PBXProject section */
		3D0FD13B2704D38100ECED8A /* Project object */ = {
			isa = PBXProject;
			attributes = {
				KnownAssetTags = (
					JMdict_e,
				);
				LastSwiftUpdateCheck = 1250;
				LastUpgradeCheck = 1250;
				TargetAttributes = {
					3D0FD1422704D38100ECED8A = {
						CreatedOnToolsVersion = 12.5.1;
					};
					3D0FD1582704D38300ECED8A = {
						CreatedOnToolsVersion = 12.5.1;
						TestTargetID = 3D0FD1422704D38100ECED8A;
					};
					3D0FD1632704D38300ECED8A = {
						CreatedOnToolsVersion = 12.5.1;
						TestTargetID = 3D0FD1422704D38100ECED8A;
					};
				};
			};
			buildConfigurationList = 3D0FD13E2704D38100ECED8A /* Build configuration list for PBXProject "NihongoDaily" */;
			compatibilityVersion = "Xcode 9.3";
			developmentRegion = en;
			hasScannedForEncodings = 0;
			knownRegions = (
				en,
				Base,
			);
			mainGroup = 3D0FD13A2704D38100ECED8A;
			productRefGroup = 3D0FD1442704D38100ECED8A /* Products */;
			projectDirPath = "";
			projectRoot = "";
			targets = (
				3D0FD1422704D38100ECED8A /* NihongoDaily */,
				3D0FD1582704D38300ECED8A /* NihongoDailyTests */,
				3D0FD1632704D38300ECED8A /* NihongoDailyUITests */,
			);
		};
/* End PBXProject section */

/* Begin PBXResourcesBuildPhase section */
		3D0FD1412704D38100ECED8A /* Resources */ = {
			isa = PBXResourcesBuildPhase;
			buildActionMask = 2147483647;
			files = (
				3D0FD14E2704D38200ECED8A /* Preview Assets.xcassets in Resources */,
				3DCB12252712419B0053DA4C /* JMdict_e.db in Resources */,
				3D5326C82713505300090EB6 /* Cartfile in Resources */,
				3D0FD14B2704D38200ECED8A /* Assets.xcassets in Resources */,
			);
			runOnlyForDeploymentPostprocessing = 0;
		};
		3D0FD1572704D38300ECED8A /* Resources */ = {
			isa = PBXResourcesBuildPhase;
			buildActionMask = 2147483647;
			files = (
			);
			runOnlyForDeploymentPostprocessing = 0;
		};
		3D0FD1622704D38300ECED8A /* Resources */ = {
			isa = PBXResourcesBuildPhase;
			buildActionMask = 2147483647;
			files = (
			);
			runOnlyForDeploymentPostprocessing = 0;
		};
/* End PBXResourcesBuildPhase section */

/* Begin PBXSourcesBuildPhase section */
		3D0FD13F2704D38100ECED8A /* Sources */ = {
			isa = PBXSourcesBuildPhase;
			buildActionMask = 2147483647;
			files = (
				3D5326D52718D66100090EB6 /* ToolbarButtonView.swift in Sources */,
				3DCB12002710E0660053DA4C /* DbManager.swift in Sources */,
				3DCB11FE2710DF150053DA4C /* Entry.swift in Sources */,
				3D844835272F2FF10057591A /* ContentViewModel.swift in Sources */,
				3DCB12042711F9240053DA4C /* EntryListItemView.swift in Sources */,
				3DB6C6252729BE51001E0DB5 /* AboutView.swift in Sources */,
				3D0FD1502704D38200ECED8A /* Persistence.swift in Sources */,
				3D844830272F25D00057591A /* EntryViewModel.swift in Sources */,
				3D5326D127136D4C00090EB6 /* TableManager.swift in Sources */,
				3D58673F272C700300404E33 /* SettingsView.swift in Sources */,
				3D0FD1492704D38100ECED8A /* ContentView.swift in Sources */,
				3DCB12062711FC7C0053DA4C /* EntryListView.swift in Sources */,
				3D15598F270A3FD2001632D8 /* NihongoDaily.xcdatamodeld in Sources */,
				3D0FD1472704D38100ECED8A /* NihongoDailyApp.swift in Sources */,
				3D5326D32715F9A900090EB6 /* EntryDetailView.swift in Sources */,
				3D0FD17A2704D45300ECED8A /* FlashCardView.swift in Sources */,
			);
			runOnlyForDeploymentPostprocessing = 0;
		};
		3D0FD1552704D38300ECED8A /* Sources */ = {
			isa = PBXSourcesBuildPhase;
			buildActionMask = 2147483647;
			files = (
				3D0FD15E2704D38300ECED8A /* NihongoDailyTests.swift in Sources */,
			);
			runOnlyForDeploymentPostprocessing = 0;
		};
		3D0FD1602704D38300ECED8A /* Sources */ = {
			isa = PBXSourcesBuildPhase;
			buildActionMask = 2147483647;
			files = (
				3D0FD1692704D38300ECED8A /* NihongoDailyUITests.swift in Sources */,
			);
			runOnlyForDeploymentPostprocessing = 0;
		};
/* End PBXSourcesBuildPhase section */

/* Begin PBXTargetDependency section */
		3D0FD15B2704D38300ECED8A /* PBXTargetDependency */ = {
			isa = PBXTargetDependency;
			target = 3D0FD1422704D38100ECED8A /* NihongoDaily */;
			targetProxy = 3D0FD15A2704D38300ECED8A /* PBXContainerItemProxy */;
		};
		3D0FD1662704D38300ECED8A /* PBXTargetDependency */ = {
			isa = PBXTargetDependency;
			target = 3D0FD1422704D38100ECED8A /* NihongoDaily */;
			targetProxy = 3D0FD1652704D38300ECED8A /* PBXContainerItemProxy */;
		};
/* End PBXTargetDependency section */

/* Begin XCBuildConfiguration section */
		3D0FD16B2704D38300ECED8A /* Debug */ = {
			isa = XCBuildConfiguration;
			buildSettings = {
				ALWAYS_SEARCH_USER_PATHS = NO;
				CLANG_ANALYZER_NONNULL = YES;
				CLANG_ANALYZER_NUMBER_OBJECT_CONVERSION = YES_AGGRESSIVE;
				CLANG_CXX_LANGUAGE_STANDARD = "gnu++14";
				CLANG_CXX_LIBRARY = "libc++";
				CLANG_ENABLE_MODULES = YES;
				CLANG_ENABLE_OBJC_ARC = YES;
				CLANG_ENABLE_OBJC_WEAK = YES;
				CLANG_WARN_BLOCK_CAPTURE_AUTORELEASING = YES;
				CLANG_WARN_BOOL_CONVERSION = YES;
				CLANG_WARN_COMMA = YES;
				CLANG_WARN_CONSTANT_CONVERSION = YES;
				CLANG_WARN_DEPRECATED_OBJC_IMPLEMENTATIONS = YES;
				CLANG_WARN_DIRECT_OBJC_ISA_USAGE = YES_ERROR;
				CLANG_WARN_DOCUMENTATION_COMMENTS = YES;
				CLANG_WARN_EMPTY_BODY = YES;
				CLANG_WARN_ENUM_CONVERSION = YES;
				CLANG_WARN_INFINITE_RECURSION = YES;
				CLANG_WARN_INT_CONVERSION = YES;
				CLANG_WARN_NON_LITERAL_NULL_CONVERSION = YES;
				CLANG_WARN_OBJC_IMPLICIT_RETAIN_SELF = YES;
				CLANG_WARN_OBJC_LITERAL_CONVERSION = YES;
				CLANG_WARN_OBJC_ROOT_CLASS = YES_ERROR;
				CLANG_WARN_QUOTED_INCLUDE_IN_FRAMEWORK_HEADER = YES;
				CLANG_WARN_RANGE_LOOP_ANALYSIS = YES;
				CLANG_WARN_STRICT_PROTOTYPES = YES;
				CLANG_WARN_SUSPICIOUS_MOVE = YES;
				CLANG_WARN_UNGUARDED_AVAILABILITY = YES_AGGRESSIVE;
				CLANG_WARN_UNREACHABLE_CODE = YES;
				CLANG_WARN__DUPLICATE_METHOD_MATCH = YES;
				COPY_PHASE_STRIP = NO;
				DEBUG_INFORMATION_FORMAT = dwarf;
				ENABLE_STRICT_OBJC_MSGSEND = YES;
				ENABLE_TESTABILITY = YES;
				GCC_C_LANGUAGE_STANDARD = gnu11;
				GCC_DYNAMIC_NO_PIC = NO;
				GCC_NO_COMMON_BLOCKS = YES;
				GCC_OPTIMIZATION_LEVEL = 0;
				GCC_PREPROCESSOR_DEFINITIONS = (
					"DEBUG=1",
					"$(inherited)",
				);
				GCC_WARN_64_TO_32_BIT_CONVERSION = YES;
				GCC_WARN_ABOUT_RETURN_TYPE = YES_ERROR;
				GCC_WARN_UNDECLARED_SELECTOR = YES;
				GCC_WARN_UNINITIALIZED_AUTOS = YES_AGGRESSIVE;
				GCC_WARN_UNUSED_FUNCTION = YES;
				GCC_WARN_UNUSED_VARIABLE = YES;
				IPHONEOS_DEPLOYMENT_TARGET = 15.0;
				MTL_ENABLE_DEBUG_INFO = INCLUDE_SOURCE;
				MTL_FAST_MATH = YES;
				ONLY_ACTIVE_ARCH = YES;
				SDKROOT = iphoneos;
				SWIFT_ACTIVE_COMPILATION_CONDITIONS = DEBUG;
				SWIFT_OPTIMIZATION_LEVEL = "-Onone";
			};
			name = Debug;
		};
		3D0FD16C2704D38300ECED8A /* Release */ = {
			isa = XCBuildConfiguration;
			buildSettings = {
				ALWAYS_SEARCH_USER_PATHS = NO;
				CLANG_ANALYZER_NONNULL = YES;
				CLANG_ANALYZER_NUMBER_OBJECT_CONVERSION = YES_AGGRESSIVE;
				CLANG_CXX_LANGUAGE_STANDARD = "gnu++14";
				CLANG_CXX_LIBRARY = "libc++";
				CLANG_ENABLE_MODULES = YES;
				CLANG_ENABLE_OBJC_ARC = YES;
				CLANG_ENABLE_OBJC_WEAK = YES;
				CLANG_WARN_BLOCK_CAPTURE_AUTORELEASING = YES;
				CLANG_WARN_BOOL_CONVERSION = YES;
				CLANG_WARN_COMMA = YES;
				CLANG_WARN_CONSTANT_CONVERSION = YES;
				CLANG_WARN_DEPRECATED_OBJC_IMPLEMENTATIONS = YES;
				CLANG_WARN_DIRECT_OBJC_ISA_USAGE = YES_ERROR;
				CLANG_WARN_DOCUMENTATION_COMMENTS = YES;
				CLANG_WARN_EMPTY_BODY = YES;
				CLANG_WARN_ENUM_CONVERSION = YES;
				CLANG_WARN_INFINITE_RECURSION = YES;
				CLANG_WARN_INT_CONVERSION = YES;
				CLANG_WARN_NON_LITERAL_NULL_CONVERSION = YES;
				CLANG_WARN_OBJC_IMPLICIT_RETAIN_SELF = YES;
				CLANG_WARN_OBJC_LITERAL_CONVERSION = YES;
				CLANG_WARN_OBJC_ROOT_CLASS = YES_ERROR;
				CLANG_WARN_QUOTED_INCLUDE_IN_FRAMEWORK_HEADER = YES;
				CLANG_WARN_RANGE_LOOP_ANALYSIS = YES;
				CLANG_WARN_STRICT_PROTOTYPES = YES;
				CLANG_WARN_SUSPICIOUS_MOVE = YES;
				CLANG_WARN_UNGUARDED_AVAILABILITY = YES_AGGRESSIVE;
				CLANG_WARN_UNREACHABLE_CODE = YES;
				CLANG_WARN__DUPLICATE_METHOD_MATCH = YES;
				COPY_PHASE_STRIP = NO;
				DEBUG_INFORMATION_FORMAT = "dwarf-with-dsym";
				ENABLE_NS_ASSERTIONS = NO;
				ENABLE_STRICT_OBJC_MSGSEND = YES;
				GCC_C_LANGUAGE_STANDARD = gnu11;
				GCC_NO_COMMON_BLOCKS = YES;
				GCC_WARN_64_TO_32_BIT_CONVERSION = YES;
				GCC_WARN_ABOUT_RETURN_TYPE = YES_ERROR;
				GCC_WARN_UNDECLARED_SELECTOR = YES;
				GCC_WARN_UNINITIALIZED_AUTOS = YES_AGGRESSIVE;
				GCC_WARN_UNUSED_FUNCTION = YES;
				GCC_WARN_UNUSED_VARIABLE = YES;
				IPHONEOS_DEPLOYMENT_TARGET = 15.0;
				MTL_ENABLE_DEBUG_INFO = NO;
				MTL_FAST_MATH = YES;
				SDKROOT = iphoneos;
				SWIFT_COMPILATION_MODE = wholemodule;
				SWIFT_OPTIMIZATION_LEVEL = "-O";
				VALIDATE_PRODUCT = YES;
			};
			name = Release;
		};
		3D0FD16E2704D38300ECED8A /* Debug */ = {
			isa = XCBuildConfiguration;
			buildSettings = {
				ASSETCATALOG_COMPILER_APPICON_NAME = AppIcon;
				ASSETCATALOG_COMPILER_GLOBAL_ACCENT_COLOR_NAME = AccentColor;
				CODE_SIGN_STYLE = Automatic;
				DEVELOPMENT_ASSET_PATHS = "\"NihongoDaily/Preview Content\"";
				DEVELOPMENT_TEAM = PU3UCL95VU;
				ENABLE_PREVIEWS = YES;
				INFOPLIST_FILE = NihongoDaily/Info.plist;
				IPHONEOS_DEPLOYMENT_TARGET = 15.0;
				LD_RUNPATH_SEARCH_PATHS = (
					"$(inherited)",
					"@executable_path/Frameworks",
				);
				PRODUCT_BUNDLE_IDENTIFIER = Metis.NihongoDaily;
				PRODUCT_NAME = "$(TARGET_NAME)";
				SWIFT_VERSION = 5.0;
				TARGETED_DEVICE_FAMILY = 1;
			};
			name = Debug;
		};
		3D0FD16F2704D38300ECED8A /* Release */ = {
			isa = XCBuildConfiguration;
			buildSettings = {
				ASSETCATALOG_COMPILER_APPICON_NAME = AppIcon;
				ASSETCATALOG_COMPILER_GLOBAL_ACCENT_COLOR_NAME = AccentColor;
				CODE_SIGN_STYLE = Automatic;
				DEVELOPMENT_ASSET_PATHS = "\"NihongoDaily/Preview Content\"";
				DEVELOPMENT_TEAM = PU3UCL95VU;
				ENABLE_PREVIEWS = YES;
				INFOPLIST_FILE = NihongoDaily/Info.plist;
				IPHONEOS_DEPLOYMENT_TARGET = 15.0;
				LD_RUNPATH_SEARCH_PATHS = (
					"$(inherited)",
					"@executable_path/Frameworks",
				);
				PRODUCT_BUNDLE_IDENTIFIER = Metis.NihongoDaily;
				PRODUCT_NAME = "$(TARGET_NAME)";
				SWIFT_VERSION = 5.0;
				TARGETED_DEVICE_FAMILY = 1;
			};
			name = Release;
		};
		3D0FD1712704D38300ECED8A /* Debug */ = {
			isa = XCBuildConfiguration;
			buildSettings = {
				ALWAYS_EMBED_SWIFT_STANDARD_LIBRARIES = YES;
				BUNDLE_LOADER = "$(TEST_HOST)";
				CODE_SIGN_STYLE = Automatic;
				DEVELOPMENT_TEAM = PU3UCL95VU;
				INFOPLIST_FILE = NihongoDailyTests/Info.plist;
				IPHONEOS_DEPLOYMENT_TARGET = 15.0;
				LD_RUNPATH_SEARCH_PATHS = (
					"$(inherited)",
					"@executable_path/Frameworks",
					"@loader_path/Frameworks",
				);
				PRODUCT_BUNDLE_IDENTIFIER = Metis.NihongoDailyTests;
				PRODUCT_NAME = "$(TARGET_NAME)";
				SWIFT_VERSION = 5.0;
				TARGETED_DEVICE_FAMILY = "1,2";
				TEST_HOST = "$(BUILT_PRODUCTS_DIR)/NihongoDaily.app/NihongoDaily";
			};
			name = Debug;
		};
		3D0FD1722704D38300ECED8A /* Release */ = {
			isa = XCBuildConfiguration;
			buildSettings = {
				ALWAYS_EMBED_SWIFT_STANDARD_LIBRARIES = YES;
				BUNDLE_LOADER = "$(TEST_HOST)";
				CODE_SIGN_STYLE = Automatic;
				DEVELOPMENT_TEAM = PU3UCL95VU;
				INFOPLIST_FILE = NihongoDailyTests/Info.plist;
				IPHONEOS_DEPLOYMENT_TARGET = 15.0;
				LD_RUNPATH_SEARCH_PATHS = (
					"$(inherited)",
					"@executable_path/Frameworks",
					"@loader_path/Frameworks",
				);
				PRODUCT_BUNDLE_IDENTIFIER = Metis.NihongoDailyTests;
				PRODUCT_NAME = "$(TARGET_NAME)";
				SWIFT_VERSION = 5.0;
				TARGETED_DEVICE_FAMILY = "1,2";
				TEST_HOST = "$(BUILT_PRODUCTS_DIR)/NihongoDaily.app/NihongoDaily";
			};
			name = Release;
		};
		3D0FD1742704D38300ECED8A /* Debug */ = {
			isa = XCBuildConfiguration;
			buildSettings = {
				ALWAYS_EMBED_SWIFT_STANDARD_LIBRARIES = YES;
				CODE_SIGN_STYLE = Automatic;
				DEVELOPMENT_TEAM = PU3UCL95VU;
				INFOPLIST_FILE = NihongoDailyUITests/Info.plist;
				IPHONEOS_DEPLOYMENT_TARGET = 15.0;
				LD_RUNPATH_SEARCH_PATHS = (
					"$(inherited)",
					"@executable_path/Frameworks",
					"@loader_path/Frameworks",
				);
				PRODUCT_BUNDLE_IDENTIFIER = Metis.NihongoDailyUITests;
				PRODUCT_NAME = "$(TARGET_NAME)";
				SWIFT_VERSION = 5.0;
				TARGETED_DEVICE_FAMILY = "1,2";
				TEST_TARGET_NAME = NihongoDaily;
			};
			name = Debug;
		};
		3D0FD1752704D38300ECED8A /* Release */ = {
			isa = XCBuildConfiguration;
			buildSettings = {
				ALWAYS_EMBED_SWIFT_STANDARD_LIBRARIES = YES;
				CODE_SIGN_STYLE = Automatic;
				DEVELOPMENT_TEAM = PU3UCL95VU;
				INFOPLIST_FILE = NihongoDailyUITests/Info.plist;
				IPHONEOS_DEPLOYMENT_TARGET = 15.0;
				LD_RUNPATH_SEARCH_PATHS = (
					"$(inherited)",
					"@executable_path/Frameworks",
					"@loader_path/Frameworks",
				);
				PRODUCT_BUNDLE_IDENTIFIER = Metis.NihongoDailyUITests;
				PRODUCT_NAME = "$(TARGET_NAME)";
				SWIFT_VERSION = 5.0;
				TARGETED_DEVICE_FAMILY = "1,2";
				TEST_TARGET_NAME = NihongoDaily;
			};
			name = Release;
		};
/* End XCBuildConfiguration section */

/* Begin XCConfigurationList section */
		3D0FD13E2704D38100ECED8A /* Build configuration list for PBXProject "NihongoDaily" */ = {
			isa = XCConfigurationList;
			buildConfigurations = (
				3D0FD16B2704D38300ECED8A /* Debug */,
				3D0FD16C2704D38300ECED8A /* Release */,
			);
			defaultConfigurationIsVisible = 0;
			defaultConfigurationName = Release;
		};
		3D0FD16D2704D38300ECED8A /* Build configuration list for PBXNativeTarget "NihongoDaily" */ = {
			isa = XCConfigurationList;
			buildConfigurations = (
				3D0FD16E2704D38300ECED8A /* Debug */,
				3D0FD16F2704D38300ECED8A /* Release */,
			);
			defaultConfigurationIsVisible = 0;
			defaultConfigurationName = Release;
		};
		3D0FD1702704D38300ECED8A /* Build configuration list for PBXNativeTarget "NihongoDailyTests" */ = {
			isa = XCConfigurationList;
			buildConfigurations = (
				3D0FD1712704D38300ECED8A /* Debug */,
				3D0FD1722704D38300ECED8A /* Release */,
			);
			defaultConfigurationIsVisible = 0;
			defaultConfigurationName = Release;
		};
		3D0FD1732704D38300ECED8A /* Build configuration list for PBXNativeTarget "NihongoDailyUITests" */ = {
			isa = XCConfigurationList;
			buildConfigurations = (
				3D0FD1742704D38300ECED8A /* Debug */,
				3D0FD1752704D38300ECED8A /* Release */,
			);
			defaultConfigurationIsVisible = 0;
			defaultConfigurationName = Release;
		};
/* End XCConfigurationList section */

/* Begin XCVersionGroup section */
		3D15598D270A3FD2001632D8 /* NihongoDaily.xcdatamodeld */ = {
			isa = XCVersionGroup;
			children = (
				3D15598E270A3FD2001632D8 /* NihongoDaily.xcdatamodel */,
			);
			currentVersion = 3D15598E270A3FD2001632D8 /* NihongoDaily.xcdatamodel */;
			path = NihongoDaily.xcdatamodeld;
			sourceTree = "<group>";
			versionGroupType = wrapper.xcdatamodel;
		};
/* End XCVersionGroup section */
	};
	rootObject = 3D0FD13B2704D38100ECED8A /* Project object */;
}
